{
  "name": "yt-dlp",
  "version": "1.0.0",
  "lockfileVersion": 3,
  "requires": true,
  "packages": {
    "": {
      "name": "yt-dlp",
      "version": "1.0.0",
      "license": "MIT",
      "dependencies": {
        "node-cron": "^3.0.3",
        "yt-dlp-wrap": "^2.3.12"
      }
    },
    "node_modules/node-cron": {
      "version": "3.0.3",
      "resolved": "https://registry.npmjs.org/node-cron/-/node-cron-3.0.3.tgz",
      "integrity": "sha512-dOal67//nohNgYWb+nWmg5dkFdIwDm8EpeGYMekPMrngV3637lqnX0lbUcCtgibHTz6SEz7DAIjKvKDFYCnO1A==",
      "dependencies": {
        "uuid": "8.3.2"
      },
      "engines": {
        "node": ">=6.0.0"
      }
    },
    "node_modules/uuid": {
      "version": "8.3.2",
      "resolved": "https://registry.npmjs.org/uuid/-/uuid-8.3.2.tgz",
      "integrity": "sha512-+NYs2QeMWy+GWFOEm9xnn6HCDp0l7QBD7ml8zLUmJ+93Q5NF0NocErnwkTkXVFNiX3/fpC6afS8Dhb/gz7R7eg==",
      "bin": {
        "uuid": "dist/bin/uuid"
      }
    },
    "node_modules/yt-dlp-wrap": {
      "version": "2.3.12",
      "resolved": "https://registry.npmjs.org/yt-dlp-wrap/-/yt-dlp-wrap-2.3.12.tgz",
      "integrity": "sha512-P8fJ+6M1YjukyJENCTviNLiZ8mokxprR54ho3DsSKPWDcac489OjRiStGEARJr6un6ETS6goTn4CWl/b/rM3aA=="
    }
  }
}
